github.com/go-stack/stack v1.8.0 h1:5SgMzNM5HxrEjV0ww2lTmX6E2Izsfxas4+YHWRs3Lsk=
github.com/go-stack/stack v1.8.0/go.mod h1:v0f6uXyyMGvRgIKkXu+yp6POWl0qKG85gN/melR3HDY=
go.mongodb.org/mongo-driver v1.0.1 h1:r2xNB8juGGrZVcIjX2TpY7HUfz+pNYq+GIuC9h6URZg=
go.mongodb.org/mongo-driver v1.0.1/go.mod h1:u7ryQJ+DOzQmeO7zB6MHyr8jkEQvC8vH7qLUO4lqsUM=
